
Microsoft Visual Studio Solution File, Format Version 12.00
# Visual Studio 15
Project("{FAE04EC0-301F-11D3-BF4B-00C04F79EFBC}") = "01_Task", "01_Task\01_Task.csproj", "{0651D265-D650-4CF2-98C8-6A6761BC079C}"
EndProject
Project("{FAE04EC0-301F-11D3-BF4B-00C04F79EFBC}") = "02_Task", "02_Task\02_Task.csproj", "{DEC59648-8B86-443F-8287-67D53A108D18}"
EndProject
Project("{FAE04EC0-301F-11D3-BF4B-00C04F79EFBC}") = "03_Task", "03_Task\03_Task.csproj", "{92D38CB5-E032-4349-85F8-F1298F4A75BC}"
EndProject
Project("{FAE04EC0-301F-11D3-BF4B-00C04F79EFBC}") = "04_Task", "04_Task\04_Task.csproj", "{71EA9461-F63D-4779-B9D3-EC093D9066E1}"
EndProject
Project("{FAE04EC0-301F-11D3-BF4B-00C04F79EFBC}") = "05_Task", "05_Task\05_Task.csproj", "{D06CC98D-91E6-4B69-86F9-1459477D9920}"
EndProject
Project("{FAE04EC0-301F-11D3-BF4B-00C04F79EFBC}") = "06_Task", "06_Task\06_Task.csproj", "{7C83DC9B-5E72-4399-B85D-385A1530C08E}"
EndProject
Project("{FAE04EC0-301F-11D3-BF4B-00C04F79EFBC}") = "07_Task", "07_Task\07_Task.csproj", "{08118BE8-811D-4A80-B52D-7FBB6B91BADA}"
EndProject
Project("{FAE04EC0-301F-11D3-BF4B-00C04F79EFBC}") = "08_Task", "08_Task\08_Task.csproj", "{11C13EC2-4D84-494B-82CE-897B17937EAE}"
EndProject
Project("{FAE04EC0-301F-11D3-BF4B-00C04F79EFBC}") = "09_Task", "09_Task\09_Task.csproj", "{844E08CC-390C-4319-AA7F-8479679BC6E5}"
EndProject
Project("{FAE04EC0-301F-11D3-BF4B-00C04F79EFBC}") = "10_Task", "10_Task\10_Task.csproj", "{3C66567F-0911-40FA-B567-73CC831E4A67}"
EndProject
Project("{FAE04EC0-301F-11D3-BF4B-00C04F79EFBC}") = "11_Task", "11_Task\11_Task.csproj", "{5BB91483-7B6E-4BA1-A219-3E1764540FEF}"
EndProject
Project("{FAE04EC0-301F-11D3-BF4B-00C04F79EFBC}") = "12_Task", "12_Task\12_Task.csproj", "{C9DD80FC-11B8-4611-852D-6B32B30DC17B}"
EndProject
Project("{FAE04EC0-301F-11D3-BF4B-00C04F79EFBC}") = "13_Task", "13_Task\13_Task.csproj", "{E4B8EE80-4F23-4733-B1CF-116A1389B5FC}"
EndProject
Project("{FAE04EC0-301F-11D3-BF4B-00C04F79EFBC}") = "14_Task", "14_Task\14_Task.csproj", "{498F0263-A08F-4EBA-8A47-2149A5D8929D}"
EndProject
Project("{FAE04EC0-301F-11D3-BF4B-00C04F79EFBC}") = "15_Task", "15_Task\15_Task.csproj", "{39BE9F4E-6CC9-4AD2-9552-0B90CE9E8468}"
EndProject
Project("{FAE04EC0-301F-11D3-BF4B-00C04F79EFBC}") = "16_Task", "16_Task\16_Task.csproj", "{0024C244-F52F-41FC-9696-038DD6FC8477}"
EndProject
Project("{FAE04EC0-301F-11D3-BF4B-00C04F79EFBC}") = "17_Task", "17_Task\17_Task.csproj", "{823A36A5-3119-4BA7-8147-068D883FCEC6}"
EndProject
Project("{FAE04EC0-301F-11D3-BF4B-00C04F79EFBC}") = "18_Task", "18_Task\18_Task.csproj", "{62E934C8-2469-4AD9-A322-2FB944F34BCB}"
EndProject
Global
	GlobalSection(SolutionConfigurationPlatforms) = preSolution
		Debug|Any CPU = Debug|Any CPU
		Release|Any CPU = Release|Any CPU
	EndGlobalSection
	GlobalSection(ProjectConfigurationPlatforms) = postSolution
		{0651D265-D650-4CF2-98C8-6A6761BC079C}.Debug|Any CPU.ActiveCfg = Debug|Any CPU
		{0651D265-D650-4CF2-98C8-6A6761BC079C}.Debug|Any CPU.Build.0 = Debug|Any CPU
		{0651D265-D650-4CF2-98C8-6A6761BC079C}.Release|Any CPU.ActiveCfg = Release|Any CPU
		{0651D265-D650-4CF2-98C8-6A6761BC079C}.Release|Any CPU.Build.0 = Release|Any CPU
		{DEC59648-8B86-443F-8287-67D53A108D18}.Debug|Any CPU.ActiveCfg = Debug|Any CPU
		{DEC59648-8B86-443F-8287-67D53A108D18}.Debug|Any CPU.Build.0 = Debug|Any CPU
		{DEC59648-8B86-443F-8287-67D53A108D18}.Release|Any CPU.ActiveCfg = Release|Any CPU
		{DEC59648-8B86-443F-8287-67D53A108D18}.Release|Any CPU.Build.0 = Release|Any CPU
		{92D38CB5-E032-4349-85F8-F1298F4A75BC}.Debug|Any CPU.ActiveCfg = Debug|Any CPU
		{92D38CB5-E032-4349-85F8-F1298F4A75BC}.Debug|Any CPU.Build.0 = Debug|Any CPU
		{92D38CB5-E032-4349-85F8-F1298F4A75BC}.Release|Any CPU.ActiveCfg = Release|Any CPU
		{92D38CB5-E032-4349-85F8-F1298F4A75BC}.Release|Any CPU.Build.0 = Release|Any CPU
		{71EA9461-F63D-4779-B9D3-EC093D9066E1}.Debug|Any CPU.ActiveCfg = Debug|Any CPU
		{71EA9461-F63D-4779-B9D3-EC093D9066E1}.Debug|Any CPU.Build.0 = Debug|Any CPU
		{71EA9461-F63D-4779-B9D3-EC093D9066E1}.Release|Any CPU.ActiveCfg = Release|Any CPU
		{71EA9461-F63D-4779-B9D3-EC093D9066E1}.Release|Any CPU.Build.0 = Release|Any CPU
		{D06CC98D-91E6-4B69-86F9-1459477D9920}.Debug|Any CPU.ActiveCfg = Debug|Any CPU
		{D06CC98D-91E6-4B69-86F9-1459477D9920}.Debug|Any CPU.Build.0 = Debug|Any CPU
		{D06CC98D-91E6-4B69-86F9-1459477D9920}.Release|Any CPU.ActiveCfg = Release|Any CPU
		{D06CC98D-91E6-4B69-86F9-1459477D9920}.Release|Any CPU.Build.0 = Release|Any CPU
		{7C83DC9B-5E72-4399-B85D-385A1530C08E}.Debug|Any CPU.ActiveCfg = Debug|Any CPU
		{7C83DC9B-5E72-4399-B85D-385A1530C08E}.Debug|Any CPU.Build.0 = Debug|Any CPU
		{7C83DC9B-5E72-4399-B85D-385A1530C08E}.Release|Any CPU.ActiveCfg = Release|Any CPU
		{7C83DC9B-5E72-4399-B85D-385A1530C08E}.Release|Any CPU.Build.0 = Release|Any CPU
		{08118BE8-811D-4A80-B52D-7FBB6B91BADA}.Debug|Any CPU.ActiveCfg = Debug|Any CPU
		{08118BE8-811D-4A80-B52D-7FBB6B91BADA}.Debug|Any CPU.Build.0 = Debug|Any CPU
		{08118BE8-811D-4A80-B52D-7FBB6B91BADA}.Release|Any CPU.ActiveCfg = Release|Any CPU
		{08118BE8-811D-4A80-B52D-7FBB6B91BADA}.Release|Any CPU.Build.0 = Release|Any CPU
		{11C13EC2-4D84-494B-82CE-897B17937EAE}.Debug|Any CPU.ActiveCfg = Debug|Any CPU
		{11C13EC2-4D84-494B-82CE-897B17937EAE}.Debug|Any CPU.Build.0 = Debug|Any CPU
		{11C13EC2-4D84-494B-82CE-897B17937EAE}.Release|Any CPU.ActiveCfg = Release|Any CPU
		{11C13EC2-4D84-494B-82CE-897B17937EAE}.Release|Any CPU.Build.0 = Release|Any CPU
		{844E08CC-390C-4319-AA7F-8479679BC6E5}.Debug|Any CPU.ActiveCfg = Debug|Any CPU
		{844E08CC-390C-4319-AA7F-8479679BC6E5}.Debug|Any CPU.Build.0 = Debug|Any CPU
		{844E08CC-390C-4319-AA7F-8479679BC6E5}.Release|Any CPU.ActiveCfg = Release|Any CPU
		{844E08CC-390C-4319-AA7F-8479679BC6E5}.Release|Any CPU.Build.0 = Release|Any CPU
		{3C66567F-0911-40FA-B567-73CC831E4A67}.Debug|Any CPU.ActiveCfg = Debug|Any CPU
		{3C66567F-0911-40FA-B567-73CC831E4A67}.Debug|Any CPU.Build.0 = Debug|Any CPU
		{3C66567F-0911-40FA-B567-73CC831E4A67}.Release|Any CPU.ActiveCfg = Release|Any CPU
		{3C66567F-0911-40FA-B567-73CC831E4A67}.Release|Any CPU.Build.0 = Release|Any CPU
		{5BB91483-7B6E-4BA1-A219-3E1764540FEF}.Debug|Any CPU.ActiveCfg = Debug|Any CPU
		{5BB91483-7B6E-4BA1-A219-3E1764540FEF}.Debug|Any CPU.Build.0 = Debug|Any CPU
		{5BB91483-7B6E-4BA1-A219-3E1764540FEF}.Release|Any CPU.ActiveCfg = Release|Any CPU
		{5BB91483-7B6E-4BA1-A219-3E1764540FEF}.Release|Any CPU.Build.0 = Release|Any CPU
		{C9DD80FC-11B8-4611-852D-6B32B30DC17B}.Debug|Any CPU.ActiveCfg = Debug|Any CPU
		{C9DD80FC-11B8-4611-852D-6B32B30DC17B}.Debug|Any CPU.Build.0 = Debug|Any CPU
		{C9DD80FC-11B8-4611-852D-6B32B30DC17B}.Release|Any CPU.ActiveCfg = Release|Any CPU
		{C9DD80FC-11B8-4611-852D-6B32B30DC17B}.Release|Any CPU.Build.0 = Release|Any CPU
		{E4B8EE80-4F23-4733-B1CF-116A1389B5FC}.Debug|Any CPU.ActiveCfg = Debug|Any CPU
		{E4B8EE80-4F23-4733-B1CF-116A1389B5FC}.Debug|Any CPU.Build.0 = Debug|Any CPU
		{E4B8EE80-4F23-4733-B1CF-116A1389B5FC}.Release|Any CPU.ActiveCfg = Release|Any CPU
		{E4B8EE80-4F23-4733-B1CF-116A1389B5FC}.Release|Any CPU.Build.0 = Release|Any CPU
		{498F0263-A08F-4EBA-8A47-2149A5D8929D}.Debug|Any CPU.ActiveCfg = Debug|Any CPU
		{498F0263-A08F-4EBA-8A47-2149A5D8929D}.Debug|Any CPU.Build.0 = Debug|Any CPU
		{498F0263-A08F-4EBA-8A47-2149A5D8929D}.Release|Any CPU.ActiveCfg = Release|Any CPU
		{498F0263-A08F-4EBA-8A47-2149A5D8929D}.Release|Any CPU.Build.0 = Release|Any CPU
		{39BE9F4E-6CC9-4AD2-9552-0B90CE9E8468}.Debug|Any CPU.ActiveCfg = Debug|Any CPU
		{39BE9F4E-6CC9-4AD2-9552-0B90CE9E8468}.Debug|Any CPU.Build.0 = Debug|Any CPU
		{39BE9F4E-6CC9-4AD2-9552-0B90CE9E8468}.Release|Any CPU.ActiveCfg = Release|Any CPU
		{39BE9F4E-6CC9-4AD2-9552-0B90CE9E8468}.Release|Any CPU.Build.0 = Release|Any CPU
		{0024C244-F52F-41FC-9696-038DD6FC8477}.Debug|Any CPU.ActiveCfg = Debug|Any CPU
		{0024C244-F52F-41FC-9696-038DD6FC8477}.Debug|Any CPU.Build.0 = Debug|Any CPU
		{0024C244-F52F-41FC-9696-038DD6FC8477}.Release|Any CPU.ActiveCfg = Release|Any CPU
		{0024C244-F52F-41FC-9696-038DD6FC8477}.Release|Any CPU.Build.0 = Release|Any CPU
		{823A36A5-3119-4BA7-8147-068D883FCEC6}.Debug|Any CPU.ActiveCfg = Debug|Any CPU
		{823A36A5-3119-4BA7-8147-068D883FCEC6}.Debug|Any CPU.Build.0 = Debug|Any CPU
		{823A36A5-3119-4BA7-8147-068D883FCEC6}.Release|Any CPU.ActiveCfg = Release|Any CPU
		{823A36A5-3119-4BA7-8147-068D883FCEC6}.Release|Any CPU.Build.0 = Release|Any CPU
		{62E934C8-2469-4AD9-A322-2FB944F34BCB}.Debug|Any CPU.ActiveCfg = Debug|Any CPU
		{62E934C8-2469-4AD9-A322-2FB944F34BCB}.Debug|Any CPU.Build.0 = Debug|Any CPU
		{62E934C8-2469-4AD9-A322-2FB944F34BCB}.Release|Any CPU.ActiveCfg = Release|Any CPU
		{62E934C8-2469-4AD9-A322-2FB944F34BCB}.Release|Any CPU.Build.0 = Release|Any CPU
	EndGlobalSection
EndGlobal
